
Microsoft Visual Studio Solution File, Format Version 12.00
# Visual Studio 15
VisualStudioVersion = 15.0.27130.2010
MinimumVisualStudioVersion = 10.0.40219.1
Project("{FAE04EC0-301F-11D3-BF4B-00C04F79EFBC}") = "GPCT_Coin", "GPCT_Coin\GPCT_Coin.csproj", "{8099E18C-BD4F-4C97-9D79-C5B030617E4F}"
EndProject
Project("{FAE04EC0-301F-11D3-BF4B-00C04F79EFBC}") = "Model", "Model\Model.csproj", "{A097CF01-AB89-48D1-8678-6B84283E1EBC}"
EndProject
Project("{FAE04EC0-301F-11D3-BF4B-00C04F79EFBC}") = "DAL", "DAL\DAL.csproj", "{5C2024F7-9933-4A4D-8F9C-CDDCA4CC600B}"
EndProject
Project("{FAE04EC0-301F-11D3-BF4B-00C04F79EFBC}") = "BLL", "BLL\BLL.csproj", "{BEF695BC-9009-4C59-894A-80190EA450B9}"
EndProject
Project("{FAE04EC0-301F-11D3-BF4B-00C04F79EFBC}") = "Common", "Common\Common.csproj", "{6AC3BDDB-AE1F-4ED2-B512-B509162DFB93}"
EndProject
Global
	GlobalSection(SolutionConfigurationPlatforms) = preSolution
		Debug|Any CPU = Debug|Any CPU
		Release|Any CPU = Release|Any CPU
	EndGlobalSection
	GlobalSection(ProjectConfigurationPlatforms) = postSolution
		{8099E18C-BD4F-4C97-9D79-C5B030617E4F}.Debug|Any CPU.ActiveCfg = Debug|Any CPU
		{8099E18C-BD4F-4C97-9D79-C5B030617E4F}.Debug|Any CPU.Build.0 = Debug|Any CPU
		{8099E18C-BD4F-4C97-9D79-C5B030617E4F}.Release|Any CPU.ActiveCfg = Release|Any CPU
		{8099E18C-BD4F-4C97-9D79-C5B030617E4F}.Release|Any CPU.Build.0 = Release|Any CPU
		{A097CF01-AB89-48D1-8678-6B84283E1EBC}.Debug|Any CPU.ActiveCfg = Debug|Any CPU
		{A097CF01-AB89-48D1-8678-6B84283E1EBC}.Debug|Any CPU.Build.0 = Debug|Any CPU
		{A097CF01-AB89-48D1-8678-6B84283E1EBC}.Release|Any CPU.ActiveCfg = Release|Any CPU
		{A097CF01-AB89-48D1-8678-6B84283E1EBC}.Release|Any CPU.Build.0 = Release|Any CPU
		{5C2024F7-9933-4A4D-8F9C-CDDCA4CC600B}.Debug|Any CPU.ActiveCfg = Debug|Any CPU
		{5C2024F7-9933-4A4D-8F9C-CDDCA4CC600B}.Debug|Any CPU.Build.0 = Debug|Any CPU
		{5C2024F7-9933-4A4D-8F9C-CDDCA4CC600B}.Release|Any CPU.ActiveCfg = Release|Any CPU
		{5C2024F7-9933-4A4D-8F9C-CDDCA4CC600B}.Release|Any CPU.Build.0 = Release|Any CPU
		{BEF695BC-9009-4C59-894A-80190EA450B9}.Debug|Any CPU.ActiveCfg = Debug|Any CPU
		{BEF695BC-9009-4C59-894A-80190EA450B9}.Debug|Any CPU.Build.0 = Debug|Any CPU
		{BEF695BC-9009-4C59-894A-80190EA450B9}.Release|Any CPU.ActiveCfg = Release|Any CPU
		{BEF695BC-9009-4C59-894A-80190EA450B9}.Release|Any CPU.Build.0 = Release|Any CPU
		{6AC3BDDB-AE1F-4ED2-B512-B509162DFB93}.Debug|Any CPU.ActiveCfg = Debug|Any CPU
		{6AC3BDDB-AE1F-4ED2-B512-B509162DFB93}.Debug|Any CPU.Build.0 = Debug|Any CPU
		{6AC3BDDB-AE1F-4ED2-B512-B509162DFB93}.Release|Any CPU.ActiveCfg = Release|Any CPU
		{6AC3BDDB-AE1F-4ED2-B512-B509162DFB93}.Release|Any CPU.Build.0 = Release|Any CPU
	EndGlobalSection
	GlobalSection(SolutionProperties) = preSolution
		HideSolutionNode = FALSE
	EndGlobalSection
	GlobalSection(ExtensibilityGlobals) = postSolution
		SolutionGuid = {0B869B45-0154-4C38-B115-5541BBBDD44F}
	EndGlobalSection
EndGlobal
